{
  "name": "breeze.css",
  "version": "2.1.2",
  "lockfileVersion": 1,
  "requires": true,
  "dependencies": {
    "rupture": {
      "version": "0.7.1",
      "resolved": "https://registry.npmjs.org/rupture/-/rupture-0.7.1.tgz",
      "integrity": "sha512-rvmUnVep/g7iHwGRMofn41crEHmNVDCsUp3Ws0NDsX7c5CHC7RRU0HsWrKnsY5qv0D3dQ6LjQBqxy+rL976OWQ=="
    }
  }
}
